# This file is @generated by PDM.
# It is not intended for manual editing.

[metadata]
groups = ["default", "dev"]
strategy = ["inherit_metadata"]
lock_version = "4.5.0"
content_hash = "sha256:1b1668fdb11d54904584ca2c1271322d33171779d317fdfff57533ebca98b1ef"

[[metadata.targets]]
requires_python = "==3.14.*"

[[package]]
name = "pyproject-fmt"
version = "2.21.1"
requires_python = ">=3.10"
summary = "Format your pyproject.toml file"
groups = ["dev"]
dependencies = [
    "toml-fmt-common",
]
files = [
    {file = "pyproject_fmt-2.21.1-cp39-abi3-macosx_10_12_x86_64.whl", hash = "sha256:208aaef634ed52d12c7c12f974c583c0ac22658d28dd8a93bec7e8e2760e2196"},
    {file = "pyproject_fmt-2.21.1-cp39-abi3-macosx_11_0_arm64.whl", hash = "sha256:537c644804d4bd9940fd6a00d7bf299e5bbe5121aa07e16fb1d4124f9ce83e53"},
    {file = "pyproject_fmt-2.21.1-cp39-abi3-manylinux_2_28_aarch64.whl", hash = "sha256:75ceb6b81df5f4e9185566593b25bce460478af3361f17d4012f8045aa4f11ab"},
    {file = "pyproject_fmt-2.21.1-cp39-abi3-manylinux_2_28_x86_64.whl", hash = "sha256:3960d501049bb21656ff2da87341fd1f8ba9e77a1dd0af25444f712a44be7cb7"},
    {file = "pyproject_fmt-2.21.1-cp39-abi3-manylinux_2_31_riscv64.whl", hash = "sha256:d8027fa0b0ba402a37289ea4a8e3651d74c7f932e09dbe97188b1cefde80c3d0"},
    {file = "pyproject_fmt-2.21.1-cp39-abi3-musllinux_1_2_x86_64.whl", hash = "sha256:f6a55372be2d44ed2345a03163e9b75d7202cd898f3dff4574ac26d39f211458"},
    {file = "pyproject_fmt-2.21.1-cp39-abi3-win_amd64.whl", hash = "sha256:d8adf52702ddb8d0f8b92656aa44aea5519516a8340b46921a0af86ded4e285d"},
    {file = "pyproject_fmt-2.21.1.tar.gz", hash = "sha256:28221e42c4eca81a73ceacef519f3bcc0eec390d632f2fd1c14ba71d4f6362b7"},
]

[[package]]
name = "toml-fmt-common"
version = "1.3.2"
requires_python = ">=3.10"
summary = "Common logic to the TOML formatter."
groups = ["dev"]
dependencies = [
    "tomli>=2.4; python_full_version < \"3.11\"",
]
files = [
    {file = "toml_fmt_common-1.3.2-py3-none-any.whl", hash = "sha256:f3329fbdd962f629d1777071a7f37813f6cf17b10a33830a5393996fc2064bef"},
    {file = "toml_fmt_common-1.3.2.tar.gz", hash = "sha256:d0da45f0244e8d410787fa8ddf5a5594016abb2a7b97f400ce20ec8b0a6a4804"},
]

[[package]]
name = "zizmor"
version = "1.24.1"
requires_python = ">=3.10"
summary = "Static analysis for GitHub Actions"
groups = ["dev"]
files = [
    {file = "zizmor-1.24.1-py3-none-macosx_10_12_x86_64.whl", hash = "sha256:fd7c4953aa438aae599db69ed70ac687995e9e3314208bf1be5336479d556c8e"},
    {file = "zizmor-1.24.1-py3-none-macosx_11_0_arm64.whl", hash = "sha256:f44379019188b1a18d560614ab8abac7ce10553ad2ab57d519fa1c214881ff95"},
    {file = "zizmor-1.24.1-py3-none-manylinux_2_24_aarch64.whl", hash = "sha256:9b0689c55854edb0f3e6430321a93ca0081d8e34028cdcb47b9504f8a8559c27"},
    {file = "zizmor-1.24.1-py3-none-manylinux_2_28_armv7l.whl", hash = "sha256:61f39674d5ea29640c4b09f3c239b3c9824c646bc790fa3680022e7bb569b375"},
    {file = "zizmor-1.24.1-py3-none-manylinux_2_28_x86_64.whl", hash = "sha256:73083efc7a65e5a58f4439dd781cdcb0394b05a3750e664c7f7e414589dc49b1"},
    {file = "zizmor-1.24.1-py3-none-musllinux_1_2_aarch64.whl", hash = "sha256:d36a2ba3b6d839acd4542f1a8f42bc34ff902cbff302cdf7916cb4e49dc8c5cc"},
    {file = "zizmor-1.24.1-py3-none-musllinux_1_2_armv7l.whl", hash = "sha256:ff5acdd10c66ac27396c0fe14e4604933f6c622ffda38a6aa2857b99c75f5108"},
    {file = "zizmor-1.24.1-py3-none-musllinux_1_2_x86_64.whl", hash = "sha256:b2d873816137296ca5633ad240a574ce49374009a39d43f78a1675e2dba1ab52"},
    {file = "zizmor-1.24.1-py3-none-win32.whl", hash = "sha256:c87812173fef2a3449d269e50e93b67b2f40826d10464c7add0c0fd7f0523a2c"},
    {file = "zizmor-1.24.1-py3-none-win_amd64.whl", hash = "sha256:9a0e552bf84f146699a0231dc42cf2cd5cfe140e3f08ff867ac154f62fc1ac2e"},
    {file = "zizmor-1.24.1.tar.gz", hash = "sha256:54ebb7a7061ebaa3a373126dcbafe970c9228fe274cfc40776a9714d2095b5e6"},
]
