# This file is @generated by PDM.
# It is not intended for manual editing.

[metadata]
groups = ["default", "dev"]
strategy = ["inherit_metadata"]
lock_version = "4.5.1"
content_hash = "sha256:a7de489a288282a1a970d71e9cb211cb78992e80aac73dcf4b3df2617cea5fbd"

[[metadata.targets]]
requires_python = "==3.14.*"

[[package]]
name = "pyproject-fmt"
version = "2.27.1"
requires_python = ">=3.10"
summary = "Format your pyproject.toml file"
groups = ["dev"]
files = [
    {file = "pyproject_fmt-2.27.1-cp310-abi3-macosx_10_12_x86_64.whl", hash = "sha256:7148c2d8bcb674179a7705dc716404ca14e7bb93554433f1774d3fc4bf0cf61d"},
    {file = "pyproject_fmt-2.27.1-cp310-abi3-macosx_11_0_arm64.whl", hash = "sha256:02561d94834fc14ce0b6627c3b9efded845bb9d521b75f1ca804b95bb5490fef"},
    {file = "pyproject_fmt-2.27.1-cp310-abi3-manylinux_2_28_aarch64.whl", hash = "sha256:beceb2e014459ebd9573cb6d0593564e2002b0881455cd17ab8dbbdf929b46c3"},
    {file = "pyproject_fmt-2.27.1-cp310-abi3-manylinux_2_28_x86_64.whl", hash = "sha256:b95be8992dedd41ddd196f58b1e47618a1327c60f397fe303907ee657a65d410"},
    {file = "pyproject_fmt-2.27.1-cp310-abi3-manylinux_2_31_riscv64.whl", hash = "sha256:681663e33b9180344f76957f37d9d1abe3db5bb4cb70aeb78902c0dd2ca587cd"},
    {file = "pyproject_fmt-2.27.1-cp310-abi3-musllinux_1_2_aarch64.whl", hash = "sha256:a633646e16f42f3a8a8906a0de0727d4188666f556550d014826d213a542a2d3"},
    {file = "pyproject_fmt-2.27.1-cp310-abi3-musllinux_1_2_x86_64.whl", hash = "sha256:4f6b35f81e287f2f4f6f87a21cd93bbe9648b7e876d9d1e8750185b67bbc4b10"},
    {file = "pyproject_fmt-2.27.1-cp310-abi3-win_amd64.whl", hash = "sha256:4d37d7bd1f9f4c675da9a729a61995c61d5a219c2657bf7b615c539096298772"},
    {file = "pyproject_fmt-2.27.1-cp310-abi3-win_arm64.whl", hash = "sha256:75a5787108544320304ae5133c8f8b096290daef588bd19947eb870cf0639a71"},
    {file = "pyproject_fmt-2.27.1-cp314-cp314t-macosx_10_12_x86_64.whl", hash = "sha256:f8b59b0fa68f4d266a3126b17ac27a160f8378fe5d460eeff5cebdbc5ce2862e"},
    {file = "pyproject_fmt-2.27.1-cp314-cp314t-macosx_11_0_arm64.whl", hash = "sha256:30ceb176405e320e992e5d83b55ea60a456a2cdf5af9b3a9ac2cd375d3e0e7e0"},
    {file = "pyproject_fmt-2.27.1-cp314-cp314t-manylinux_2_28_aarch64.whl", hash = "sha256:41ef0378840864ef7de154d8584ce0dced87008ed4ed1eeeb56d40ca9cf85599"},
    {file = "pyproject_fmt-2.27.1-cp314-cp314t-manylinux_2_28_x86_64.whl", hash = "sha256:35ee8b252fcee48950c684cdcd047019901816b362f0874f4249bf490e867425"},
    {file = "pyproject_fmt-2.27.1-cp314-cp314t-musllinux_1_2_aarch64.whl", hash = "sha256:89cbb12ee7422fea11113d5fa31c0e70cae5bcbffe2753101068718ce3293cf2"},
    {file = "pyproject_fmt-2.27.1-cp314-cp314t-musllinux_1_2_x86_64.whl", hash = "sha256:e41abdce4fa4656893ed7a80a52c14cacbb337d9662d47e3b92adec230afabdb"},
    {file = "pyproject_fmt-2.27.1-cp314-cp314t-win_amd64.whl", hash = "sha256:9e66c2d72b5d6345fdcd01a90bb418843a0692145ef8e5077559354e3ef6d8bb"},
    {file = "pyproject_fmt-2.27.1-cp314-cp314t-win_arm64.whl", hash = "sha256:a4dee3fc756ab73439ad9eb4844a78d59833f62f7ae877ce9c78608a9efb6546"},
    {file = "pyproject_fmt-2.27.1.tar.gz", hash = "sha256:e670cd95d98e43f0a475e10ad841e0796ed5b854eca0e96009e8fa12c2b9632d"},
]

[[package]]
name = "zizmor"
version = "1.29.0"
requires_python = ">=3.10"
summary = "Static analysis for GitHub Actions"
groups = ["dev"]
files = [
    {file = "zizmor-1.29.0-py3-none-macosx_10_12_x86_64.whl", hash = "sha256:ea72f84d610643d57f96430c655a3780d0b874e477d32e14eae8e910f6cce1fd"},
    {file = "zizmor-1.29.0-py3-none-macosx_11_0_arm64.whl", hash = "sha256:5aafe617d7b1e0c0c15d58fdf20495f360f74a791dfa136f76630b4cc06c2a34"},
    {file = "zizmor-1.29.0-py3-none-manylinux_2_24_aarch64.whl", hash = "sha256:67644ae8d6d0394204b9a488f7d86f0dd66fe562f4ba85fc53e6105a6bfc7b6a"},
    {file = "zizmor-1.29.0-py3-none-manylinux_2_28_armv7l.whl", hash = "sha256:81e4093fed5c8a41d6ae7bb773085a9d2e6c0b0a0b560d46a9c76d69be0a07ed"},
    {file = "zizmor-1.29.0-py3-none-manylinux_2_28_x86_64.whl", hash = "sha256:587b99c2e1b34575c6c8565c2bfde415ca8bc0310f5589f19bc948c8dea10a20"},
    {file = "zizmor-1.29.0-py3-none-musllinux_1_2_aarch64.whl", hash = "sha256:061600f23c46f2e400bcdef666c236de7e5c0b07dd6ca046daa001eb1514b909"},
    {file = "zizmor-1.29.0-py3-none-musllinux_1_2_armv7l.whl", hash = "sha256:332546480be38aca95c149f835e0dcb7679ab5d74618a90c6ccb3fa6b8c7b99d"},
    {file = "zizmor-1.29.0-py3-none-musllinux_1_2_x86_64.whl", hash = "sha256:a7462b9ab45d72a20ad5ab8193b430df8184c59e2bf46954ddd09496f2f00b45"},
    {file = "zizmor-1.29.0-py3-none-win32.whl", hash = "sha256:8c759e68cd866375030ca39e19e2de47a056b7be7288c1620e2d5b4c274f631f"},
    {file = "zizmor-1.29.0-py3-none-win_amd64.whl", hash = "sha256:0fb85948ba5ffc7a8116eee36fe9cfc10167225c97bd2810e3378e66a9fd27c4"},
    {file = "zizmor-1.29.0.tar.gz", hash = "sha256:60e34e83c67064e0036989c7c525d13413e897aa4c4f683f1efb2048cdb28a47"},
]
