# This file is @generated by PDM.
# It is not intended for manual editing.

[metadata]
groups = ["default", "dev"]
strategy = ["inherit_metadata"]
lock_version = "4.5.1"
content_hash = "sha256:178947560c96add7616d1f220bfaba8c11c963aba7ea70a7f8bee992317d19bc"

[[metadata.targets]]
requires_python = "==3.14.*"

[[package]]
name = "pyproject-fmt"
version = "2.28.0"
requires_python = ">=3.10"
summary = "Format your pyproject.toml file"
groups = ["dev"]
files = [
    {file = "pyproject_fmt-2.28.0-cp310-abi3-macosx_10_12_x86_64.whl", hash = "sha256:e6f5e97f2cc5a0727d5115f5aae3a14ccbf71920a948d3ed771b3cb0906f1cf8"},
    {file = "pyproject_fmt-2.28.0-cp310-abi3-macosx_11_0_arm64.whl", hash = "sha256:ffb0948534e27cb7d5acc50e09e3e2661394ee07d0b836564e014ce27950c5c4"},
    {file = "pyproject_fmt-2.28.0-cp310-abi3-manylinux_2_28_aarch64.whl", hash = "sha256:136fd2c3ea58495e2b8577184849215a8b8d77fbe09915cca932a5a20d6cd216"},
    {file = "pyproject_fmt-2.28.0-cp310-abi3-manylinux_2_28_x86_64.whl", hash = "sha256:00d1a24f28708f09bd7ad3f44715c6181f9dd0f212a921a83fc27829cfd9b3ae"},
    {file = "pyproject_fmt-2.28.0-cp310-abi3-manylinux_2_31_riscv64.whl", hash = "sha256:a067e9f378c6e095d8b428fb56b7a8b5d7314f70c480f665396ff04eb618606d"},
    {file = "pyproject_fmt-2.28.0-cp310-abi3-musllinux_1_2_aarch64.whl", hash = "sha256:33411f486e72340d5e760903a4273b7774d52d154e6f22290e97eff358aca462"},
    {file = "pyproject_fmt-2.28.0-cp310-abi3-musllinux_1_2_x86_64.whl", hash = "sha256:5436666720e39352e11998d469373bcd68c51e8b654ef5770a41409ef85fbc3b"},
    {file = "pyproject_fmt-2.28.0-cp310-abi3-win_amd64.whl", hash = "sha256:cc4d157e671c2a708568e9a1950ec202fde98f1965569cc15ec8a0396ff50169"},
    {file = "pyproject_fmt-2.28.0-cp310-abi3-win_arm64.whl", hash = "sha256:0693a801820d9e07c92db4fc9db45fc4e5d200d3473bee5e16b603894ceab166"},
    {file = "pyproject_fmt-2.28.0-cp314-cp314t-macosx_10_12_x86_64.whl", hash = "sha256:3d1b5117229c6ca243c2fb133abd6b821a918c385e5efc9ff46fdfae188b869e"},
    {file = "pyproject_fmt-2.28.0-cp314-cp314t-macosx_11_0_arm64.whl", hash = "sha256:05be6edabe24d84944514dc4c37abf2c6cbb24c348f5fd59409c2ef1a5577cde"},
    {file = "pyproject_fmt-2.28.0-cp314-cp314t-manylinux_2_28_aarch64.whl", hash = "sha256:0f6ee0c7aa2da3eff9b8f4d8499df7d31e339535d5d196449d49c14fd26356ab"},
    {file = "pyproject_fmt-2.28.0-cp314-cp314t-manylinux_2_28_x86_64.whl", hash = "sha256:6ea996081a59d623c2795c1c074c82ca3cccc79e5b107ec1c7219e3fcce1a5da"},
    {file = "pyproject_fmt-2.28.0-cp314-cp314t-musllinux_1_2_aarch64.whl", hash = "sha256:3b1c440739851f43caf38ec61dc223b4728b0cc81f583a0a0494365756d55952"},
    {file = "pyproject_fmt-2.28.0-cp314-cp314t-musllinux_1_2_x86_64.whl", hash = "sha256:6464a09cc16686be3d7ca35c22b6390afd0abf43c04b144653bdfea3d5c665e0"},
    {file = "pyproject_fmt-2.28.0-cp314-cp314t-win_amd64.whl", hash = "sha256:ca3543b814da6a74435aa465245e4c35262803a724e871c9f5c0689afae17b74"},
    {file = "pyproject_fmt-2.28.0-cp314-cp314t-win_arm64.whl", hash = "sha256:75921bbb0690ae3cf93f592edfc9e1137c887fd134753d3134984c9f473bc4e6"},
    {file = "pyproject_fmt-2.28.0.tar.gz", hash = "sha256:e22437de7e3f4add60e65fe935a65df6bc513edd827041f397013d78199ce146"},
]

[[package]]
name = "zizmor"
version = "1.29.0"
requires_python = ">=3.10"
summary = "Static analysis for GitHub Actions"
groups = ["dev"]
files = [
    {file = "zizmor-1.29.0-py3-none-macosx_10_12_x86_64.whl", hash = "sha256:ea72f84d610643d57f96430c655a3780d0b874e477d32e14eae8e910f6cce1fd"},
    {file = "zizmor-1.29.0-py3-none-macosx_11_0_arm64.whl", hash = "sha256:5aafe617d7b1e0c0c15d58fdf20495f360f74a791dfa136f76630b4cc06c2a34"},
    {file = "zizmor-1.29.0-py3-none-manylinux_2_24_aarch64.whl", hash = "sha256:67644ae8d6d0394204b9a488f7d86f0dd66fe562f4ba85fc53e6105a6bfc7b6a"},
    {file = "zizmor-1.29.0-py3-none-manylinux_2_28_armv7l.whl", hash = "sha256:81e4093fed5c8a41d6ae7bb773085a9d2e6c0b0a0b560d46a9c76d69be0a07ed"},
    {file = "zizmor-1.29.0-py3-none-manylinux_2_28_x86_64.whl", hash = "sha256:587b99c2e1b34575c6c8565c2bfde415ca8bc0310f5589f19bc948c8dea10a20"},
    {file = "zizmor-1.29.0-py3-none-musllinux_1_2_aarch64.whl", hash = "sha256:061600f23c46f2e400bcdef666c236de7e5c0b07dd6ca046daa001eb1514b909"},
    {file = "zizmor-1.29.0-py3-none-musllinux_1_2_armv7l.whl", hash = "sha256:332546480be38aca95c149f835e0dcb7679ab5d74618a90c6ccb3fa6b8c7b99d"},
    {file = "zizmor-1.29.0-py3-none-musllinux_1_2_x86_64.whl", hash = "sha256:a7462b9ab45d72a20ad5ab8193b430df8184c59e2bf46954ddd09496f2f00b45"},
    {file = "zizmor-1.29.0-py3-none-win32.whl", hash = "sha256:8c759e68cd866375030ca39e19e2de47a056b7be7288c1620e2d5b4c274f631f"},
    {file = "zizmor-1.29.0-py3-none-win_amd64.whl", hash = "sha256:0fb85948ba5ffc7a8116eee36fe9cfc10167225c97bd2810e3378e66a9fd27c4"},
    {file = "zizmor-1.29.0.tar.gz", hash = "sha256:60e34e83c67064e0036989c7c525d13413e897aa4c4f683f1efb2048cdb28a47"},
]
